
Microsoft Visual Studio Solution File, Format Version 12.00
# Visual Studio Version 17
VisualStudioVersion = 17.3.32929.385
MinimumVisualStudioVersion = 10.0.40219.1
Project("{FAE04EC0-301F-11D3-BF4B-00C04F79EFBC}") = "project 3", "project 3.csproj", "{06B50A86-5981-4471-8DB3-34C1BE3B92A6}"
EndProject
Global
	GlobalSection(SolutionConfigurationPlatforms) = preSolution
		Debug|Any CPU = Debug|Any CPU
		Release|Any CPU = Release|Any CPU
	EndGlobalSection
	GlobalSection(ProjectConfigurationPlatforms) = postSolution
		{06B50A86-5981-4471-8DB3-34C1BE3B92A6}.Debug|Any CPU.ActiveCfg = Debug|Any CPU
		{06B50A86-5981-4471-8DB3-34C1BE3B92A6}.Debug|Any CPU.Build.0 = Debug|Any CPU
		{06B50A86-5981-4471-8DB3-34C1BE3B92A6}.Release|Any CPU.ActiveCfg = Release|Any CPU
		{06B50A86-5981-4471-8DB3-34C1BE3B92A6}.Release|Any CPU.Build.0 = Release|Any CPU
	EndGlobalSection
	GlobalSection(SolutionProperties) = preSolution
		HideSolutionNode = FALSE
	EndGlobalSection
	GlobalSection(ExtensibilityGlobals) = postSolution
		SolutionGuid = {B5499686-8528-4040-9ADC-09D1C46FE5CA}
	EndGlobalSection
EndGlobal
